
Microsoft Visual Studio Solution File, Format Version 12.00
# Visual Studio Version 17
VisualStudioVersion = 17.3.32922.545
MinimumVisualStudioVersion = 10.0.40219.1
Project("{FAE04EC0-301F-11D3-BF4B-00C04F79EFBC}") = "SeedCacheForCustomerQuerySample", "SeedCacheForCustomerQuerySample\SeedCacheForCustomerQuerySample.csproj", "{6CC975A5-B770-459F-B10E-2E06375B44FF}"
EndProject
Project("{FAE04EC0-301F-11D3-BF4B-00C04F79EFBC}") = "RedisCacheCustomerQuerySample", "RedisCacheCustomerQuerySample\RedisCacheCustomerQuerySample.csproj", "{4A04426C-81E8-42BA-A80A-9F6D5E191CB1}"
EndProject
Global
	GlobalSection(SolutionConfigurationPlatforms) = preSolution
		Debug|Any CPU = Debug|Any CPU
		Release|Any CPU = Release|Any CPU
	EndGlobalSection
	GlobalSection(ProjectConfigurationPlatforms) = postSolution
		{6CC975A5-B770-459F-B10E-2E06375B44FF}.Debug|Any CPU.ActiveCfg = Debug|Any CPU
		{6CC975A5-B770-459F-B10E-2E06375B44FF}.Debug|Any CPU.Build.0 = Debug|Any CPU
		{6CC975A5-B770-459F-B10E-2E06375B44FF}.Release|Any CPU.ActiveCfg = Release|Any CPU
		{6CC975A5-B770-459F-B10E-2E06375B44FF}.Release|Any CPU.Build.0 = Release|Any CPU
		{4A04426C-81E8-42BA-A80A-9F6D5E191CB1}.Debug|Any CPU.ActiveCfg = Debug|Any CPU
		{4A04426C-81E8-42BA-A80A-9F6D5E191CB1}.Debug|Any CPU.Build.0 = Debug|Any CPU
		{4A04426C-81E8-42BA-A80A-9F6D5E191CB1}.Release|Any CPU.ActiveCfg = Release|Any CPU
		{4A04426C-81E8-42BA-A80A-9F6D5E191CB1}.Release|Any CPU.Build.0 = Release|Any CPU
	EndGlobalSection
	GlobalSection(SolutionProperties) = preSolution
		HideSolutionNode = FALSE
	EndGlobalSection
	GlobalSection(ExtensibilityGlobals) = postSolution
		SolutionGuid = {ABBCF4E0-DBA5-4A6A-95B9-28B31D5785F8}
	EndGlobalSection
EndGlobal
