
Microsoft Visual Studio Solution File, Format Version 12.00
# Visual Studio Version 17
VisualStudioVersion = 17.5.002.0
MinimumVisualStudioVersion = 10.0.40219.1
Project("{9A19103F-16F7-4668-BE54-9A1E7A4F7556}") = "05-feature-flags", "05-feature-flags.csproj", "{8352672E-E283-4FEF-99BF-6104AE9DF10B}"
EndProject
Global
	GlobalSection(SolutionConfigurationPlatforms) = preSolution
		Debug|Any CPU = Debug|Any CPU
		Release|Any CPU = Release|Any CPU
	EndGlobalSection
	GlobalSection(ProjectConfigurationPlatforms) = postSolution
		{8352672E-E283-4FEF-99BF-6104AE9DF10B}.Debug|Any CPU.ActiveCfg = Debug|Any CPU
		{8352672E-E283-4FEF-99BF-6104AE9DF10B}.Debug|Any CPU.Build.0 = Debug|Any CPU
		{8352672E-E283-4FEF-99BF-6104AE9DF10B}.Release|Any CPU.ActiveCfg = Release|Any CPU
		{8352672E-E283-4FEF-99BF-6104AE9DF10B}.Release|Any CPU.Build.0 = Release|Any CPU
	EndGlobalSection
	GlobalSection(SolutionProperties) = preSolution
		HideSolutionNode = FALSE
	EndGlobalSection
	GlobalSection(ExtensibilityGlobals) = postSolution
		SolutionGuid = {6F7ECA7B-1CE1-42DA-9650-37C098D989BD}
	EndGlobalSection
EndGlobal
