
Microsoft Visual Studio Solution File, Format Version 12.00
# Visual Studio Version 17
VisualStudioVersion = 17.5.002.0
MinimumVisualStudioVersion = 10.0.40219.1
Project("{9A19103F-16F7-4668-BE54-9A1E7A4F7556}") = "02-keyvault-system-assigned", "02-keyvault-system-assigned.csproj", "{48818004-820A-4F82-8F36-6C925402F6A8}"
EndProject
Global
	GlobalSection(SolutionConfigurationPlatforms) = preSolution
		Debug|Any CPU = Debug|Any CPU
		Release|Any CPU = Release|Any CPU
	EndGlobalSection
	GlobalSection(ProjectConfigurationPlatforms) = postSolution
		{48818004-820A-4F82-8F36-6C925402F6A8}.Debug|Any CPU.ActiveCfg = Debug|Any CPU
		{48818004-820A-4F82-8F36-6C925402F6A8}.Debug|Any CPU.Build.0 = Debug|Any CPU
		{48818004-820A-4F82-8F36-6C925402F6A8}.Release|Any CPU.ActiveCfg = Release|Any CPU
		{48818004-820A-4F82-8F36-6C925402F6A8}.Release|Any CPU.Build.0 = Release|Any CPU
	EndGlobalSection
	GlobalSection(SolutionProperties) = preSolution
		HideSolutionNode = FALSE
	EndGlobalSection
	GlobalSection(ExtensibilityGlobals) = postSolution
		SolutionGuid = {52B67E09-D419-43B5-BE40-9517E61A21B2}
	EndGlobalSection
EndGlobal
