
Microsoft Visual Studio Solution File, Format Version 12.00
# Visual Studio Version 17
VisualStudioVersion = 17.5.002.0
MinimumVisualStudioVersion = 10.0.40219.1
Project("{9A19103F-16F7-4668-BE54-9A1E7A4F7556}") = "04-app-configuration-labels", "04-app-configuration-labels.csproj", "{F1532A45-D6F8-49B4-95FA-80EC311F9EC0}"
EndProject
Global
	GlobalSection(SolutionConfigurationPlatforms) = preSolution
		Debug|Any CPU = Debug|Any CPU
		Release|Any CPU = Release|Any CPU
	EndGlobalSection
	GlobalSection(ProjectConfigurationPlatforms) = postSolution
		{F1532A45-D6F8-49B4-95FA-80EC311F9EC0}.Debug|Any CPU.ActiveCfg = Debug|Any CPU
		{F1532A45-D6F8-49B4-95FA-80EC311F9EC0}.Debug|Any CPU.Build.0 = Debug|Any CPU
		{F1532A45-D6F8-49B4-95FA-80EC311F9EC0}.Release|Any CPU.ActiveCfg = Release|Any CPU
		{F1532A45-D6F8-49B4-95FA-80EC311F9EC0}.Release|Any CPU.Build.0 = Release|Any CPU
	EndGlobalSection
	GlobalSection(SolutionProperties) = preSolution
		HideSolutionNode = FALSE
	EndGlobalSection
	GlobalSection(ExtensibilityGlobals) = postSolution
		SolutionGuid = {5A19BA57-25AD-42D0-8A6A-8E4DCE7A25DD}
	EndGlobalSection
EndGlobal
