
Microsoft Visual Studio Solution File, Format Version 12.00
# Visual Studio Version 17
VisualStudioVersion = 17.5.002.0
MinimumVisualStudioVersion = 10.0.40219.1
Project("{9A19103F-16F7-4668-BE54-9A1E7A4F7556}") = "QueueReceiver", "QueueReceiver.csproj", "{B1D87728-0F9F-49E5-AB53-1105CD43A73D}"
EndProject
Global
	GlobalSection(SolutionConfigurationPlatforms) = preSolution
		Debug|Any CPU = Debug|Any CPU
		Release|Any CPU = Release|Any CPU
	EndGlobalSection
	GlobalSection(ProjectConfigurationPlatforms) = postSolution
		{B1D87728-0F9F-49E5-AB53-1105CD43A73D}.Debug|Any CPU.ActiveCfg = Debug|Any CPU
		{B1D87728-0F9F-49E5-AB53-1105CD43A73D}.Debug|Any CPU.Build.0 = Debug|Any CPU
		{B1D87728-0F9F-49E5-AB53-1105CD43A73D}.Release|Any CPU.ActiveCfg = Release|Any CPU
		{B1D87728-0F9F-49E5-AB53-1105CD43A73D}.Release|Any CPU.Build.0 = Release|Any CPU
	EndGlobalSection
	GlobalSection(SolutionProperties) = preSolution
		HideSolutionNode = FALSE
	EndGlobalSection
	GlobalSection(ExtensibilityGlobals) = postSolution
		SolutionGuid = {2602BDB8-712A-4218-BC2B-351848A9EA81}
	EndGlobalSection
EndGlobal
