
Microsoft Visual Studio Solution File, Format Version 12.00
# Visual Studio Version 17
VisualStudioVersion = 17.3.32922.545
MinimumVisualStudioVersion = 10.0.40219.1
Project("{9A19103F-16F7-4668-BE54-9A1E7A4F7556}") = "QueueSender", "QueueSender\QueueSender.csproj", "{834CC021-2EAA-4FD2-A150-CD7C71C1706E}"
EndProject
Project("{9A19103F-16F7-4668-BE54-9A1E7A4F7556}") = "QueueReceiver", "QueueReceiver\QueueReceiver.csproj", "{17B04180-978D-41B3-9188-DFB65F958ACC}"
EndProject
Project("{FAE04EC0-301F-11D3-BF4B-00C04F79EFBC}") = "TopicSender", "TopicSender\TopicSender.csproj", "{A7E29332-2346-4707-9331-FFC5A4FDE607}"
EndProject
Project("{FAE04EC0-301F-11D3-BF4B-00C04F79EFBC}") = "SubscriptionReceiver", "SubscriptionReceiver\SubscriptionReceiver.csproj", "{61DF26F5-8226-4240-9EAB-FBE17012FBD9}"
EndProject
Global
	GlobalSection(SolutionConfigurationPlatforms) = preSolution
		Debug|Any CPU = Debug|Any CPU
		Release|Any CPU = Release|Any CPU
	EndGlobalSection
	GlobalSection(ProjectConfigurationPlatforms) = postSolution
		{834CC021-2EAA-4FD2-A150-CD7C71C1706E}.Debug|Any CPU.ActiveCfg = Debug|Any CPU
		{834CC021-2EAA-4FD2-A150-CD7C71C1706E}.Debug|Any CPU.Build.0 = Debug|Any CPU
		{834CC021-2EAA-4FD2-A150-CD7C71C1706E}.Release|Any CPU.ActiveCfg = Release|Any CPU
		{834CC021-2EAA-4FD2-A150-CD7C71C1706E}.Release|Any CPU.Build.0 = Release|Any CPU
		{17B04180-978D-41B3-9188-DFB65F958ACC}.Debug|Any CPU.ActiveCfg = Debug|Any CPU
		{17B04180-978D-41B3-9188-DFB65F958ACC}.Debug|Any CPU.Build.0 = Debug|Any CPU
		{17B04180-978D-41B3-9188-DFB65F958ACC}.Release|Any CPU.ActiveCfg = Release|Any CPU
		{17B04180-978D-41B3-9188-DFB65F958ACC}.Release|Any CPU.Build.0 = Release|Any CPU
		{A7E29332-2346-4707-9331-FFC5A4FDE607}.Debug|Any CPU.ActiveCfg = Debug|Any CPU
		{A7E29332-2346-4707-9331-FFC5A4FDE607}.Debug|Any CPU.Build.0 = Debug|Any CPU
		{A7E29332-2346-4707-9331-FFC5A4FDE607}.Release|Any CPU.ActiveCfg = Release|Any CPU
		{A7E29332-2346-4707-9331-FFC5A4FDE607}.Release|Any CPU.Build.0 = Release|Any CPU
		{61DF26F5-8226-4240-9EAB-FBE17012FBD9}.Debug|Any CPU.ActiveCfg = Debug|Any CPU
		{61DF26F5-8226-4240-9EAB-FBE17012FBD9}.Debug|Any CPU.Build.0 = Debug|Any CPU
		{61DF26F5-8226-4240-9EAB-FBE17012FBD9}.Release|Any CPU.ActiveCfg = Release|Any CPU
		{61DF26F5-8226-4240-9EAB-FBE17012FBD9}.Release|Any CPU.Build.0 = Release|Any CPU
	EndGlobalSection
	GlobalSection(SolutionProperties) = preSolution
		HideSolutionNode = FALSE
	EndGlobalSection
	GlobalSection(ExtensibilityGlobals) = postSolution
		SolutionGuid = {24859036-5F18-4177-AC50-E2111D7B77BD}
	EndGlobalSection
EndGlobal
